// !$*UTF8*$!
{
	archiveVersion = 1;
	classes = {
	};
	objectVersion = 50;
	objects = {

/* Begin PBXBuildFile section */
		881A073C269614A000551E6E /* AppDelegate.swift in Sources */ = {isa = PBXBuildFile; fileRef = 881A073B269614A000551E6E /* AppDelegate.swift */; };
		881A073E269614A000551E6E /* SceneDelegate.swift in Sources */ = {isa = PBXBuildFile; fileRef = 881A073D269614A000551E6E /* SceneDelegate.swift */; };
		881A0740269614A000551E6E /* TabbarViewController.swift in Sources */ = {isa = PBXBuildFile; fileRef = 881A073F269614A000551E6E /* TabbarViewController.swift */; };
		881A0745269614A100551E6E /* Assets.xcassets in Resources */ = {isa = PBXBuildFile; fileRef = 881A0744269614A100551E6E /* Assets.xcassets */; };
		881A0748269614A100551E6E /* LaunchScreen.storyboard in Resources */ = {isa = PBXBuildFile; fileRef = 881A0746269614A100551E6E /* LaunchScreen.storyboard */; };
		881A0755269614F600551E6E /* Mock4.png in Resources */ = {isa = PBXBuildFile; fileRef = 881A0750269614F600551E6E /* Mock4.png */; };
		881A0756269614F600551E6E /* Mock2.png in Resources */ = {isa = PBXBuildFile; fileRef = 881A0751269614F600551E6E /* Mock2.png */; };
		881A0757269614F600551E6E /* Mock1.png in Resources */ = {isa = PBXBuildFile; fileRef = 881A0752269614F600551E6E /* Mock1.png */; };
		881A0758269614F600551E6E /* Mock5.png in Resources */ = {isa = PBXBuildFile; fileRef = 881A0753269614F600551E6E /* Mock5.png */; };
		881A0759269614F600551E6E /* Mock3.png in Resources */ = {isa = PBXBuildFile; fileRef = 881A0754269614F600551E6E /* Mock3.png */; };
		881A075B2696150400551E6E /* WorkoutFactory.swift in Sources */ = {isa = PBXBuildFile; fileRef = 881A075A2696150400551E6E /* WorkoutFactory.swift */; };
		881A075D2696165100551E6E /* README.md in Resources */ = {isa = PBXBuildFile; fileRef = 881A075C2696165100551E6E /* README.md */; };
		881A07672697666700551E6E /* MockScreenOneViewController.swift in Sources */ = {isa = PBXBuildFile; fileRef = 881A07662697666700551E6E /* MockScreenOneViewController.swift */; };
		881A0769269777A300551E6E /* MockScreenOneViewModel.swift in Sources */ = {isa = PBXBuildFile; fileRef = 881A0768269777A300551E6E /* MockScreenOneViewModel.swift */; };
		881A076B269778B700551E6E /* PrimaryButton.swift in Sources */ = {isa = PBXBuildFile; fileRef = 881A076A269778B700551E6E /* PrimaryButton.swift */; };
		88DE77EF2699B3770049F9BF /* UIView+Extensions.swift in Sources */ = {isa = PBXBuildFile; fileRef = 88DE77EE2699B3770049F9BF /* UIView+Extensions.swift */; };
/* End PBXBuildFile section */

/* Begin PBXFileReference section */
		881A0738269614A000551E6E /* Prototype_UIKit.app */ = {isa = PBXFileReference; explicitFileType = wrapper.application; includeInIndex = 0; path = Prototype_UIKit.app; sourceTree = BUILT_PRODUCTS_DIR; };
		881A073B269614A000551E6E /* AppDelegate.swift */ = {isa = PBXFileReference; lastKnownFileType = sourcecode.swift; path = AppDelegate.swift; sourceTree = "<group>"; };
		881A073D269614A000551E6E /* SceneDelegate.swift */ = {isa = PBXFileReference; lastKnownFileType = sourcecode.swift; path = SceneDelegate.swift; sourceTree = "<group>"; };
		881A073F269614A000551E6E /* TabbarViewController.swift */ = {isa = PBXFileReference; lastKnownFileType = sourcecode.swift; path = TabbarViewController.swift; sourceTree = "<group>"; };
		881A0744269614A100551E6E /* Assets.xcassets */ = {isa = PBXFileReference; lastKnownFileType = folder.assetcatalog; path = Assets.xcassets; sourceTree = "<group>"; };
		881A0747269614A100551E6E /* Base */ = {isa = PBXFileReference; lastKnownFileType = file.storyboard; name = Base; path = Base.lproj/LaunchScreen.storyboard; sourceTree = "<group>"; };
		881A0749269614A100551E6E /* Info.plist */ = {isa = PBXFileReference; lastKnownFileType = text.plist.xml; path = Info.plist; sourceTree = "<group>"; };
		881A0750269614F600551E6E /* Mock4.png */ = {isa = PBXFileReference; lastKnownFileType = image.png; path = Mock4.png; sourceTree = "<group>"; };
		881A0751269614F600551E6E /* Mock2.png */ = {isa = PBXFileReference; lastKnownFileType = image.png; path = Mock2.png; sourceTree = "<group>"; };
		881A0752269614F600551E6E /* Mock1.png */ = {isa = PBXFileReference; lastKnownFileType = image.png; path = Mock1.png; sourceTree = "<group>"; };
		881A0753269614F600551E6E /* Mock5.png */ = {isa = PBXFileReference; lastKnownFileType = image.png; path = Mock5.png; sourceTree = "<group>"; };
		881A0754269614F600551E6E /* Mock3.png */ = {isa = PBXFileReference; lastKnownFileType = image.png; path = Mock3.png; sourceTree = "<group>"; };
		881A075A2696150400551E6E /* WorkoutFactory.swift */ = {isa = PBXFileReference; fileEncoding = 4; lastKnownFileType = sourcecode.swift; path = WorkoutFactory.swift; sourceTree = "<group>"; };
		881A075C2696165100551E6E /* README.md */ = {isa = PBXFileReference; fileEncoding = 4; lastKnownFileType = net.daringfireball.markdown; path = README.md; sourceTree = "<group>"; };
		881A07662697666700551E6E /* MockScreenOneViewController.swift */ = {isa = PBXFileReference; lastKnownFileType = sourcecode.swift; path = MockScreenOneViewController.swift; sourceTree = "<group>"; };
		881A0768269777A300551E6E /* MockScreenOneViewModel.swift */ = {isa = PBXFileReference; fileEncoding = 4; lastKnownFileType = sourcecode.swift; path = MockScreenOneViewModel.swift; sourceTree = "<group>"; };
		881A076A269778B700551E6E /* PrimaryButton.swift */ = {isa = PBXFileReference; lastKnownFileType = sourcecode.swift; path = PrimaryButton.swift; sourceTree = "<group>"; };
		88DE77EE2699B3770049F9BF /* UIView+Extensions.swift */ = {isa = PBXFileReference; lastKnownFileType = sourcecode.swift; path = "UIView+Extensions.swift"; sourceTree = "<group>"; };
/* End PBXFileReference section */

/* Begin PBXFrameworksBuildPhase section */
		881A0735269614A000551E6E /* Frameworks */ = {
			isa = PBXFrameworksBuildPhase;
			buildActionMask = 2147483647;
			files = (
			);
			runOnlyForDeploymentPostprocessing = 0;
		};
/* End PBXFrameworksBuildPhase section */

/* Begin PBXGroup section */
		881A072F269614A000551E6E = {
			isa = PBXGroup;
			children = (
				881A075C2696165100551E6E /* README.md */,
				881A073A269614A000551E6E /* Prototype_UIKit */,
				881A0739269614A000551E6E /* Products */,
			);
			sourceTree = "<group>";
		};
		881A0739269614A000551E6E /* Products */ = {
			isa = PBXGroup;
			children = (
				881A0738269614A000551E6E /* Prototype_UIKit.app */,
			);
			name = Products;
			sourceTree = "<group>";
		};
		881A073A269614A000551E6E /* Prototype_UIKit */ = {
			isa = PBXGroup;
			children = (
				881A073B269614A000551E6E /* AppDelegate.swift */,
				881A073D269614A000551E6E /* SceneDelegate.swift */,
				881A073F269614A000551E6E /* TabbarViewController.swift */,
				881A075E2696165B00551E6E /* Helper */,
				881A074F269614A900551E6E /* Mocks */,
				881A07602696182C00551E6E /* MockViews */,
				881A075F2696169B00551E6E /* SupportingFiles */,
			);
			path = Prototype_UIKit;
			sourceTree = "<group>";
		};
		881A074F269614A900551E6E /* Mocks */ = {
			isa = PBXGroup;
			children = (
				881A0752269614F600551E6E /* Mock1.png */,
				881A0751269614F600551E6E /* Mock2.png */,
				881A0754269614F600551E6E /* Mock3.png */,
				881A0750269614F600551E6E /* Mock4.png */,
				881A0753269614F600551E6E /* Mock5.png */,
			);
			path = Mocks;
			sourceTree = "<group>";
		};
		881A075E2696165B00551E6E /* Helper */ = {
			isa = PBXGroup;
			children = (
				881A075A2696150400551E6E /* WorkoutFactory.swift */,
				881A076A269778B700551E6E /* PrimaryButton.swift */,
				88DE77EE2699B3770049F9BF /* UIView+Extensions.swift */,
			);
			path = Helper;
			sourceTree = "<group>";
		};
		881A075F2696169B00551E6E /* SupportingFiles */ = {
			isa = PBXGroup;
			children = (
				881A0744269614A100551E6E /* Assets.xcassets */,
				881A0746269614A100551E6E /* LaunchScreen.storyboard */,
				881A0749269614A100551E6E /* Info.plist */,
			);
			path = SupportingFiles;
			sourceTree = "<group>";
		};
		881A07602696182C00551E6E /* MockViews */ = {
			isa = PBXGroup;
			children = (
				881A07612696183300551E6E /* Mock1 */,
				881A07622696183700551E6E /* Mock2 */,
				881A07632696183C00551E6E /* Mock3 */,
				881A07642696184000551E6E /* Mock4 */,
				881A07652696184500551E6E /* Mock5 */,
			);
			path = MockViews;
			sourceTree = "<group>";
		};
		881A07612696183300551E6E /* Mock1 */ = {
			isa = PBXGroup;
			children = (
				881A07662697666700551E6E /* MockScreenOneViewController.swift */,
				881A0768269777A300551E6E /* MockScreenOneViewModel.swift */,
			);
			path = Mock1;
			sourceTree = "<group>";
		};
		881A07622696183700551E6E /* Mock2 */ = {
			isa = PBXGroup;
			children = (
			);
			path = Mock2;
			sourceTree = "<group>";
		};
		881A07632696183C00551E6E /* Mock3 */ = {
			isa = PBXGroup;
			children = (
			);
			path = Mock3;
			sourceTree = "<group>";
		};
		881A07642696184000551E6E /* Mock4 */ = {
			isa = PBXGroup;
			children = (
			);
			path = Mock4;
			sourceTree = "<group>";
		};
		881A07652696184500551E6E /* Mock5 */ = {
			isa = PBXGroup;
			children = (
			);
			path = Mock5;
			sourceTree = "<group>";
		};
/* End PBXGroup section */

/* Begin PBXNativeTarget section */
		881A0737269614A000551E6E /* Prototype_UIKit */ = {
			isa = PBXNativeTarget;
			buildConfigurationList = 881A074C269614A100551E6E /* Build configuration list for PBXNativeTarget "Prototype_UIKit" */;
			buildPhases = (
				881A0734269614A000551E6E /* Sources */,
				881A0735269614A000551E6E /* Frameworks */,
				881A0736269614A000551E6E /* Resources */,
			);
			buildRules = (
			);
			dependencies = (
			);
			name = Prototype_UIKit;
			productName = Prototype_UIKit;
			productReference = 881A0738269614A000551E6E /* Prototype_UIKit.app */;
			productType = "com.apple.product-type.application";
		};
/* End PBXNativeTarget section */

/* Begin PBXProject section */
		881A0730269614A000551E6E /* Project object */ = {
			isa = PBXProject;
			attributes = {
				LastSwiftUpdateCheck = 1250;
				LastUpgradeCheck = 1250;
				TargetAttributes = {
					881A0737269614A000551E6E = {
						CreatedOnToolsVersion = 12.5;
					};
				};
			};
			buildConfigurationList = 881A0733269614A000551E6E /* Build configuration list for PBXProject "Prototype_UIKit" */;
			compatibilityVersion = "Xcode 9.3";
			developmentRegion = en;
			hasScannedForEncodings = 0;
			knownRegions = (
				en,
				Base,
			);
			mainGroup = 881A072F269614A000551E6E;
			productRefGroup = 881A0739269614A000551E6E /* Products */;
			projectDirPath = "";
			projectRoot = "";
			targets = (
				881A0737269614A000551E6E /* Prototype_UIKit */,
			);
		};
/* End PBXProject section */

/* Begin PBXResourcesBuildPhase section */
		881A0736269614A000551E6E /* Resources */ = {
			isa = PBXResourcesBuildPhase;
			buildActionMask = 2147483647;
			files = (
				881A0756269614F600551E6E /* Mock2.png in Resources */,
				881A0759269614F600551E6E /* Mock3.png in Resources */,
				881A0748269614A100551E6E /* LaunchScreen.storyboard in Resources */,
				881A0745269614A100551E6E /* Assets.xcassets in Resources */,
				881A0757269614F600551E6E /* Mock1.png in Resources */,
				881A0755269614F600551E6E /* Mock4.png in Resources */,
				881A075D2696165100551E6E /* README.md in Resources */,
				881A0758269614F600551E6E /* Mock5.png in Resources */,
			);
			runOnlyForDeploymentPostprocessing = 0;
		};
/* End PBXResourcesBuildPhase section */

/* Begin PBXSourcesBuildPhase section */
		881A0734269614A000551E6E /* Sources */ = {
			isa = PBXSourcesBuildPhase;
			buildActionMask = 2147483647;
			files = (
				881A0740269614A000551E6E /* TabbarViewController.swift in Sources */,
				881A073C269614A000551E6E /* AppDelegate.swift in Sources */,
				881A075B2696150400551E6E /* WorkoutFactory.swift in Sources */,
				881A073E269614A000551E6E /* SceneDelegate.swift in Sources */,
				881A076B269778B700551E6E /* PrimaryButton.swift in Sources */,
				881A07672697666700551E6E /* MockScreenOneViewController.swift in Sources */,
				88DE77EF2699B3770049F9BF /* UIView+Extensions.swift in Sources */,
				881A0769269777A300551E6E /* MockScreenOneViewModel.swift in Sources */,
			);
			runOnlyForDeploymentPostprocessing = 0;
		};
/* End PBXSourcesBuildPhase section */

/* Begin PBXVariantGroup section */
		881A0746269614A100551E6E /* LaunchScreen.storyboard */ = {
			isa = PBXVariantGroup;
			children = (
				881A0747269614A100551E6E /* Base */,
			);
			name = LaunchScreen.storyboard;
			sourceTree = "<group>";
		};
/* End PBXVariantGroup section */

/* Begin XCBuildConfiguration section */
		881A074A269614A100551E6E /* Debug */ = {
			isa = XCBuildConfiguration;
			buildSettings = {
				ALWAYS_SEARCH_USER_PATHS = NO;
				CLANG_ANALYZER_NONNULL = YES;
				CLANG_ANALYZER_NUMBER_OBJECT_CONVERSION = YES_AGGRESSIVE;
				CLANG_CXX_LANGUAGE_STANDARD = "gnu++14";
				CLANG_CXX_LIBRARY = "libc++";
				CLANG_ENABLE_MODULES = YES;
				CLANG_ENABLE_OBJC_ARC = YES;
				CLANG_ENABLE_OBJC_WEAK = YES;
				CLANG_WARN_BLOCK_CAPTURE_AUTORELEASING = YES;
				CLANG_WARN_BOOL_CONVERSION = YES;
				CLANG_WARN_COMMA = YES;
				CLANG_WARN_CONSTANT_CONVERSION = YES;
				CLANG_WARN_DEPRECATED_OBJC_IMPLEMENTATIONS = YES;
				CLANG_WARN_DIRECT_OBJC_ISA_USAGE = YES_ERROR;
				CLANG_WARN_DOCUMENTATION_COMMENTS = YES;
				CLANG_WARN_EMPTY_BODY = YES;
				CLANG_WARN_ENUM_CONVERSION = YES;
				CLANG_WARN_INFINITE_RECURSION = YES;
				CLANG_WARN_INT_CONVERSION = YES;
				CLANG_WARN_NON_LITERAL_NULL_CONVERSION = YES;
				CLANG_WARN_OBJC_IMPLICIT_RETAIN_SELF = YES;
				CLANG_WARN_OBJC_LITERAL_CONVERSION = YES;
				CLANG_WARN_OBJC_ROOT_CLASS = YES_ERROR;
				CLANG_WARN_QUOTED_INCLUDE_IN_FRAMEWORK_HEADER = YES;
				CLANG_WARN_RANGE_LOOP_ANALYSIS = YES;
				CLANG_WARN_STRICT_PROTOTYPES = YES;
				CLANG_WARN_SUSPICIOUS_MOVE = YES;
				CLANG_WARN_UNGUARDED_AVAILABILITY = YES_AGGRESSIVE;
				CLANG_WARN_UNREACHABLE_CODE = YES;
				CLANG_WARN__DUPLICATE_METHOD_MATCH = YES;
				COPY_PHASE_STRIP = NO;
				DEBUG_INFORMATION_FORMAT = dwarf;
				ENABLE_STRICT_OBJC_MSGSEND = YES;
				ENABLE_TESTABILITY = YES;
				GCC_C_LANGUAGE_STANDARD = gnu11;
				GCC_DYNAMIC_NO_PIC = NO;
				GCC_NO_COMMON_BLOCKS = YES;
				GCC_OPTIMIZATION_LEVEL = 0;
				GCC_PREPROCESSOR_DEFINITIONS = (
					"DEBUG=1",
					"$(inherited)",
				);
				GCC_WARN_64_TO_32_BIT_CONVERSION = YES;
				GCC_WARN_ABOUT_RETURN_TYPE = YES_ERROR;
				GCC_WARN_UNDECLARED_SELECTOR = YES;
				GCC_WARN_UNINITIALIZED_AUTOS = YES_AGGRESSIVE;
				GCC_WARN_UNUSED_FUNCTION = YES;
				GCC_WARN_UNUSED_VARIABLE = YES;
				IPHONEOS_DEPLOYMENT_TARGET = 14.5;
				MTL_ENABLE_DEBUG_INFO = INCLUDE_SOURCE;
				MTL_FAST_MATH = YES;
				ONLY_ACTIVE_ARCH = YES;
				SDKROOT = iphoneos;
				SWIFT_ACTIVE_COMPILATION_CONDITIONS = DEBUG;
				SWIFT_OPTIMIZATION_LEVEL = "-Onone";
			};
			name = Debug;
		};
		881A074B269614A100551E6E /* Release */ = {
			isa = XCBuildConfiguration;
			buildSettings = {
				ALWAYS_SEARCH_USER_PATHS = NO;
				CLANG_ANALYZER_NONNULL = YES;
				CLANG_ANALYZER_NUMBER_OBJECT_CONVERSION = YES_AGGRESSIVE;
				CLANG_CXX_LANGUAGE_STANDARD = "gnu++14";
				CLANG_CXX_LIBRARY = "libc++";
				CLANG_ENABLE_MODULES = YES;
				CLANG_ENABLE_OBJC_ARC = YES;
				CLANG_ENABLE_OBJC_WEAK = YES;
				CLANG_WARN_BLOCK_CAPTURE_AUTORELEASING = YES;
				CLANG_WARN_BOOL_CONVERSION = YES;
				CLANG_WARN_COMMA = YES;
				CLANG_WARN_CONSTANT_CONVERSION = YES;
				CLANG_WARN_DEPRECATED_OBJC_IMPLEMENTATIONS = YES;
				CLANG_WARN_DIRECT_OBJC_ISA_USAGE = YES_ERROR;
				CLANG_WARN_DOCUMENTATION_COMMENTS = YES;
				CLANG_WARN_EMPTY_BODY = YES;
				CLANG_WARN_ENUM_CONVERSION = YES;
				CLANG_WARN_INFINITE_RECURSION = YES;
				CLANG_WARN_INT_CONVERSION = YES;
				CLANG_WARN_NON_LITERAL_NULL_CONVERSION = YES;
				CLANG_WARN_OBJC_IMPLICIT_RETAIN_SELF = YES;
				CLANG_WARN_OBJC_LITERAL_CONVERSION = YES;
				CLANG_WARN_OBJC_ROOT_CLASS = YES_ERROR;
				CLANG_WARN_QUOTED_INCLUDE_IN_FRAMEWORK_HEADER = YES;
				CLANG_WARN_RANGE_LOOP_ANALYSIS = YES;
				CLANG_WARN_STRICT_PROTOTYPES = YES;
				CLANG_WARN_SUSPICIOUS_MOVE = YES;
				CLANG_WARN_UNGUARDED_AVAILABILITY = YES_AGGRESSIVE;
				CLANG_WARN_UNREACHABLE_CODE = YES;
				CLANG_WARN__DUPLICATE_METHOD_MATCH = YES;
				COPY_PHASE_STRIP = NO;
				DEBUG_INFORMATION_FORMAT = "dwarf-with-dsym";
				ENABLE_NS_ASSERTIONS = NO;
				ENABLE_STRICT_OBJC_MSGSEND = YES;
				GCC_C_LANGUAGE_STANDARD = gnu11;
				GCC_NO_COMMON_BLOCKS = YES;
				GCC_WARN_64_TO_32_BIT_CONVERSION = YES;
				GCC_WARN_ABOUT_RETURN_TYPE = YES_ERROR;
				GCC_WARN_UNDECLARED_SELECTOR = YES;
				GCC_WARN_UNINITIALIZED_AUTOS = YES_AGGRESSIVE;
				GCC_WARN_UNUSED_FUNCTION = YES;
				GCC_WARN_UNUSED_VARIABLE = YES;
				IPHONEOS_DEPLOYMENT_TARGET = 14.5;
				MTL_ENABLE_DEBUG_INFO = NO;
				MTL_FAST_MATH = YES;
				SDKROOT = iphoneos;
				SWIFT_COMPILATION_MODE = wholemodule;
				SWIFT_OPTIMIZATION_LEVEL = "-O";
				VALIDATE_PRODUCT = YES;
			};
			name = Release;
		};
		881A074D269614A100551E6E /* Debug */ = {
			isa = XCBuildConfiguration;
			buildSettings = {
				ASSETCATALOG_COMPILER_APPICON_NAME = AppIcon;
				ASSETCATALOG_COMPILER_GLOBAL_ACCENT_COLOR_NAME = AccentColor;
				CODE_SIGN_STYLE = Automatic;
				DEVELOPMENT_TEAM = DF76S53UB9;
				INFOPLIST_FILE = Prototype_UIKit/SupportingFiles/Info.plist;
				LD_RUNPATH_SEARCH_PATHS = (
					"$(inherited)",
					"@executable_path/Frameworks",
				);
				PRODUCT_BUNDLE_IDENTIFIER = "com.schnalzenberger.Prototype-UIKit";
				PRODUCT_NAME = "$(TARGET_NAME)";
				SWIFT_VERSION = 5.0;
				TARGETED_DEVICE_FAMILY = "1,2";
			};
			name = Debug;
		};
		881A074E269614A100551E6E /* Release */ = {
			isa = XCBuildConfiguration;
			buildSettings = {
				ASSETCATALOG_COMPILER_APPICON_NAME = AppIcon;
				ASSETCATALOG_COMPILER_GLOBAL_ACCENT_COLOR_NAME = AccentColor;
				CODE_SIGN_STYLE = Automatic;
				DEVELOPMENT_TEAM = DF76S53UB9;
				INFOPLIST_FILE = Prototype_UIKit/SupportingFiles/Info.plist;
				LD_RUNPATH_SEARCH_PATHS = (
					"$(inherited)",
					"@executable_path/Frameworks",
				);
				PRODUCT_BUNDLE_IDENTIFIER = "com.schnalzenberger.Prototype-UIKit";
				PRODUCT_NAME = "$(TARGET_NAME)";
				SWIFT_VERSION = 5.0;
				TARGETED_DEVICE_FAMILY = "1,2";
			};
			name = Release;
		};
/* End XCBuildConfiguration section */

/* Begin XCConfigurationList section */
		881A0733269614A000551E6E /* Build configuration list for PBXProject "Prototype_UIKit" */ = {
			isa = XCConfigurationList;
			buildConfigurations = (
				881A074A269614A100551E6E /* Debug */,
				881A074B269614A100551E6E /* Release */,
			);
			defaultConfigurationIsVisible = 0;
			defaultConfigurationName = Release;
		};
		881A074C269614A100551E6E /* Build configuration list for PBXNativeTarget "Prototype_UIKit" */ = {
			isa = XCConfigurationList;
			buildConfigurations = (
				881A074D269614A100551E6E /* Debug */,
				881A074E269614A100551E6E /* Release */,
			);
			defaultConfigurationIsVisible = 0;
			defaultConfigurationName = Release;
		};
/* End XCConfigurationList section */
	};
	rootObject = 881A0730269614A000551E6E /* Project object */;
}
